
Microsoft Visual Studio Solution File, Format Version 12.00
# Visual Studio Version 17
VisualStudioVersion = 17.7.34024.191
MinimumVisualStudioVersion = 10.0.40219.1
Project("{8BC9CEB8-8B4A-11D0-8D11-00A0C91BC942}") = "gumball_machine", "gumball_machine\gumball_machine.vcxproj", "{10249F42-5FAF-4FF6-9229-C1201F1E5341}"
EndProject
Project("{8BC9CEB8-8B4A-11D0-8D11-00A0C91BC942}") = "GumBallMachine_test", "GumBallMachine_test\GumBallMachine_test.vcxproj", "{83CDBF06-060C-46CA-9435-37A71DA3AD78}"
EndProject
Project("{8BC9CEB8-8B4A-11D0-8D11-00A0C91BC942}") = "MultyGumballMachine", "MultyGumballMachine\MultyGumballMachine.vcxproj", "{754684F3-3465-4364-B82E-71226865635F}"
EndProject
Project("{8BC9CEB8-8B4A-11D0-8D11-00A0C91BC942}") = "MultiGumballMachineStateTest", "MultiGumballMachineStateTest\MultiGumballMachineStateTest.vcxproj", "{F2D00BA4-FE89-44B8-8BC8-26582E01C800}"
EndProject
Project("{8BC9CEB8-8B4A-11D0-8D11-00A0C91BC942}") = "MultipleGumballMachineNaiveTest", "MultipleGumballMachineNaiveTest\MultipleGumballMachineNaiveTest.vcxproj", "{2D30FF60-CFEF-42B1-936D-F42EDFD29793}"
EndProject
Global
	GlobalSection(SolutionConfigurationPlatforms) = preSolution
		Debug|x64 = Debug|x64
		Debug|x86 = Debug|x86
		Release|x64 = Release|x64
		Release|x86 = Release|x86
	EndGlobalSection
	GlobalSection(ProjectConfigurationPlatforms) = postSolution
		{10249F42-5FAF-4FF6-9229-C1201F1E5341}.Debug|x64.ActiveCfg = Debug|x64
		{10249F42-5FAF-4FF6-9229-C1201F1E5341}.Debug|x64.Build.0 = Debug|x64
		{10249F42-5FAF-4FF6-9229-C1201F1E5341}.Debug|x86.ActiveCfg = Debug|Win32
		{10249F42-5FAF-4FF6-9229-C1201F1E5341}.Debug|x86.Build.0 = Debug|Win32
		{10249F42-5FAF-4FF6-9229-C1201F1E5341}.Release|x64.ActiveCfg = Release|x64
		{10249F42-5FAF-4FF6-9229-C1201F1E5341}.Release|x64.Build.0 = Release|x64
		{10249F42-5FAF-4FF6-9229-C1201F1E5341}.Release|x86.ActiveCfg = Release|Win32
		{10249F42-5FAF-4FF6-9229-C1201F1E5341}.Release|x86.Build.0 = Release|Win32
		{83CDBF06-060C-46CA-9435-37A71DA3AD78}.Debug|x64.ActiveCfg = Debug|x64
		{83CDBF06-060C-46CA-9435-37A71DA3AD78}.Debug|x64.Build.0 = Debug|x64
		{83CDBF06-060C-46CA-9435-37A71DA3AD78}.Debug|x86.ActiveCfg = Debug|Win32
		{83CDBF06-060C-46CA-9435-37A71DA3AD78}.Debug|x86.Build.0 = Debug|Win32
		{83CDBF06-060C-46CA-9435-37A71DA3AD78}.Release|x64.ActiveCfg = Release|x64
		{83CDBF06-060C-46CA-9435-37A71DA3AD78}.Release|x64.Build.0 = Release|x64
		{83CDBF06-060C-46CA-9435-37A71DA3AD78}.Release|x86.ActiveCfg = Release|Win32
		{83CDBF06-060C-46CA-9435-37A71DA3AD78}.Release|x86.Build.0 = Release|Win32
		{754684F3-3465-4364-B82E-71226865635F}.Debug|x64.ActiveCfg = Debug|x64
		{754684F3-3465-4364-B82E-71226865635F}.Debug|x64.Build.0 = Debug|x64
		{754684F3-3465-4364-B82E-71226865635F}.Debug|x86.ActiveCfg = Debug|Win32
		{754684F3-3465-4364-B82E-71226865635F}.Debug|x86.Build.0 = Debug|Win32
		{754684F3-3465-4364-B82E-71226865635F}.Release|x64.ActiveCfg = Release|x64
		{754684F3-3465-4364-B82E-71226865635F}.Release|x64.Build.0 = Release|x64
		{754684F3-3465-4364-B82E-71226865635F}.Release|x86.ActiveCfg = Release|Win32
		{754684F3-3465-4364-B82E-71226865635F}.Release|x86.Build.0 = Release|Win32
		{F2D00BA4-FE89-44B8-8BC8-26582E01C800}.Debug|x64.ActiveCfg = Debug|x64
		{F2D00BA4-FE89-44B8-8BC8-26582E01C800}.Debug|x64.Build.0 = Debug|x64
		{F2D00BA4-FE89-44B8-8BC8-26582E01C800}.Debug|x86.ActiveCfg = Debug|Win32
		{F2D00BA4-FE89-44B8-8BC8-26582E01C800}.Debug|x86.Build.0 = Debug|Win32
		{F2D00BA4-FE89-44B8-8BC8-26582E01C800}.Release|x64.ActiveCfg = Release|x64
		{F2D00BA4-FE89-44B8-8BC8-26582E01C800}.Release|x64.Build.0 = Release|x64
		{F2D00BA4-FE89-44B8-8BC8-26582E01C800}.Release|x86.ActiveCfg = Release|Win32
		{F2D00BA4-FE89-44B8-8BC8-26582E01C800}.Release|x86.Build.0 = Release|Win32
		{2D30FF60-CFEF-42B1-936D-F42EDFD29793}.Debug|x64.ActiveCfg = Debug|x64
		{2D30FF60-CFEF-42B1-936D-F42EDFD29793}.Debug|x64.Build.0 = Debug|x64
		{2D30FF60-CFEF-42B1-936D-F42EDFD29793}.Debug|x86.ActiveCfg = Debug|Win32
		{2D30FF60-CFEF-42B1-936D-F42EDFD29793}.Debug|x86.Build.0 = Debug|Win32
		{2D30FF60-CFEF-42B1-936D-F42EDFD29793}.Release|x64.ActiveCfg = Release|x64
		{2D30FF60-CFEF-42B1-936D-F42EDFD29793}.Release|x64.Build.0 = Release|x64
		{2D30FF60-CFEF-42B1-936D-F42EDFD29793}.Release|x86.ActiveCfg = Release|Win32
		{2D30FF60-CFEF-42B1-936D-F42EDFD29793}.Release|x86.Build.0 = Release|Win32
	EndGlobalSection
	GlobalSection(SolutionProperties) = preSolution
		HideSolutionNode = FALSE
	EndGlobalSection
	GlobalSection(ExtensibilityGlobals) = postSolution
		SolutionGuid = {49108BC1-1ADD-494E-8CE6-F1CF29908538}
	EndGlobalSection
EndGlobal
