
Microsoft Visual Studio Solution File, Format Version 12.00
# Visual Studio Version 17
VisualStudioVersion = 17.7.34024.191
MinimumVisualStudioVersion = 10.0.40219.1
Project("{8BC9CEB8-8B4A-11D0-8D11-00A0C91BC942}") = "task1", "task1\task1.vcxproj", "{5BD2B70D-F27F-417E-A5F6-85450D60727F}"
EndProject
Project("{8BC9CEB8-8B4A-11D0-8D11-00A0C91BC942}") = "task2", "task2\task2.vcxproj", "{68C4D2DA-15C0-46AE-8E3D-D7EC33177C36}"
EndProject
Project("{8BC9CEB8-8B4A-11D0-8D11-00A0C91BC942}") = "task3", "lab3\lab3.vcxproj", "{4E5BAA1B-4BF2-4F8E-AD2C-4D35E06D371A}"
EndProject
Global
	GlobalSection(SolutionConfigurationPlatforms) = preSolution
		Debug|x64 = Debug|x64
		Debug|x86 = Debug|x86
		Release|x64 = Release|x64
		Release|x86 = Release|x86
	EndGlobalSection
	GlobalSection(ProjectConfigurationPlatforms) = postSolution
		{5BD2B70D-F27F-417E-A5F6-85450D60727F}.Debug|x64.ActiveCfg = Debug|x64
		{5BD2B70D-F27F-417E-A5F6-85450D60727F}.Debug|x64.Build.0 = Debug|x64
		{5BD2B70D-F27F-417E-A5F6-85450D60727F}.Debug|x86.ActiveCfg = Debug|Win32
		{5BD2B70D-F27F-417E-A5F6-85450D60727F}.Debug|x86.Build.0 = Debug|Win32
		{5BD2B70D-F27F-417E-A5F6-85450D60727F}.Release|x64.ActiveCfg = Release|x64
		{5BD2B70D-F27F-417E-A5F6-85450D60727F}.Release|x64.Build.0 = Release|x64
		{5BD2B70D-F27F-417E-A5F6-85450D60727F}.Release|x86.ActiveCfg = Release|Win32
		{5BD2B70D-F27F-417E-A5F6-85450D60727F}.Release|x86.Build.0 = Release|Win32
		{68C4D2DA-15C0-46AE-8E3D-D7EC33177C36}.Debug|x64.ActiveCfg = Debug|x64
		{68C4D2DA-15C0-46AE-8E3D-D7EC33177C36}.Debug|x64.Build.0 = Debug|x64
		{68C4D2DA-15C0-46AE-8E3D-D7EC33177C36}.Debug|x86.ActiveCfg = Debug|Win32
		{68C4D2DA-15C0-46AE-8E3D-D7EC33177C36}.Debug|x86.Build.0 = Debug|Win32
		{68C4D2DA-15C0-46AE-8E3D-D7EC33177C36}.Release|x64.ActiveCfg = Release|x64
		{68C4D2DA-15C0-46AE-8E3D-D7EC33177C36}.Release|x64.Build.0 = Release|x64
		{68C4D2DA-15C0-46AE-8E3D-D7EC33177C36}.Release|x86.ActiveCfg = Release|Win32
		{68C4D2DA-15C0-46AE-8E3D-D7EC33177C36}.Release|x86.Build.0 = Release|Win32
		{4E5BAA1B-4BF2-4F8E-AD2C-4D35E06D371A}.Debug|x64.ActiveCfg = Debug|x64
		{4E5BAA1B-4BF2-4F8E-AD2C-4D35E06D371A}.Debug|x64.Build.0 = Debug|x64
		{4E5BAA1B-4BF2-4F8E-AD2C-4D35E06D371A}.Debug|x86.ActiveCfg = Debug|Win32
		{4E5BAA1B-4BF2-4F8E-AD2C-4D35E06D371A}.Debug|x86.Build.0 = Debug|Win32
		{4E5BAA1B-4BF2-4F8E-AD2C-4D35E06D371A}.Release|x64.ActiveCfg = Release|x64
		{4E5BAA1B-4BF2-4F8E-AD2C-4D35E06D371A}.Release|x64.Build.0 = Release|x64
		{4E5BAA1B-4BF2-4F8E-AD2C-4D35E06D371A}.Release|x86.ActiveCfg = Release|Win32
		{4E5BAA1B-4BF2-4F8E-AD2C-4D35E06D371A}.Release|x86.Build.0 = Release|Win32
	EndGlobalSection
	GlobalSection(SolutionProperties) = preSolution
		HideSolutionNode = FALSE
	EndGlobalSection
	GlobalSection(ExtensibilityGlobals) = postSolution
		SolutionGuid = {F5DCB3D8-FF5B-48B3-894A-9D024A41057A}
	EndGlobalSection
EndGlobal
